{
  "name": "git-status-all",
  "version": "1.0.2",
  "lockfileVersion": 1,
  "requires": true,
  "dependencies": {
    "async": {
      "version": "0.9.2",
      "resolved": "https://registry.npmjs.org/async/-/async-0.9.2.tgz",
      "integrity": "sha1-rqdNXmHB+JlhO/ZL2mbUx48v0X0="
    },
    "git-pull-all": {
      "version": "0.1.4",
      "resolved": "https://registry.npmjs.org/git-pull-all/-/git-pull-all-0.1.4.tgz",
      "integrity": "sha1-5P69ZjYJDq7lqCKM4LKc6DtZUvI=",
      "dev": true,
      "requires": {
        "async": "0.9.2"
      }
    }
  }
}
